// !$*UTF8*$!
{
	archiveVersion = 1;
	classes = {
	};
	objectVersion = 46;
	objects = {

/* Begin PBXBuildFile section */
		B307054F18E25B930013C72F /* Utilities.m in Sources */ = {isa = PBXBuildFile; fileRef = B307054E18E25B930013C72F /* Utilities.m */; };
		B307055218E319CE0013C72F /* MainViewController.m in Sources */ = {isa = PBXBuildFile; fileRef = B307055118E319CE0013C72F /* MainViewController.m */; };
		B307055518E31AE50013C72F /* StatusViewController.m in Sources */ = {isa = PBXBuildFile; fileRef = B307055418E31AE50013C72F /* StatusViewController.m */; };
		B307055818E3362B0013C72F /* CRCVerifier.m in Sources */ = {isa = PBXBuildFile; fileRef = B307055718E3362B0013C72F /* CRCVerifier.m */; };
		B307055B18E3372C0013C72F /* ControlTableViewCell.m in Sources */ = {isa = PBXBuildFile; fileRef = B307055A18E3372C0013C72F /* ControlTableViewCell.m */; };
		B33F078F190EC5080003043F /* Main-iPad.storyboard in Resources */ = {isa = PBXBuildFile; fileRef = B33F078E190EC5080003043F /* Main-iPad.storyboard */; };
		B33F0792190EE7EF0003043F /* iMainViewController.m in Sources */ = {isa = PBXBuildFile; fileRef = B33F0791190EE7EF0003043F /* iMainViewController.m */; };
		B33F079B190FD8C60003043F /* iMainDetailViewController.m in Sources */ = {isa = PBXBuildFile; fileRef = B33F079A190FD8C60003043F /* iMainDetailViewController.m */; };
		B33F079F190FFF460003043F /* iStatusViewController.m in Sources */ = {isa = PBXBuildFile; fileRef = B33F079E190FFF460003043F /* iStatusViewController.m */; };
		B33F07A519116D940003043F /* S_Needle.png in Resources */ = {isa = PBXBuildFile; fileRef = B33F07A419116D940003043F /* S_Needle.png */; };
		B33F07A71912B2010003043F /* S_Background.png in Resources */ = {isa = PBXBuildFile; fileRef = B33F07A61912B2010003043F /* S_Background.png */; };
		B3483E9F1900A87200C5A29F /* info-32.png in Resources */ = {isa = PBXBuildFile; fileRef = B3483E9E1900A87200C5A29F /* info-32.png */; };
		B3483EA11900A88500C5A29F /* joystick-32.png in Resources */ = {isa = PBXBuildFile; fileRef = B3483EA01900A88500C5A29F /* joystick-32.png */; };
		B3483EA31900A88E00C5A29F /* switch-32.png in Resources */ = {isa = PBXBuildFile; fileRef = B3483EA21900A88E00C5A29F /* switch-32.png */; };
		B34BBD4018E5BB4200D8F2D5 /* JoystickViewController.m in Sources */ = {isa = PBXBuildFile; fileRef = B34BBD3F18E5BB4200D8F2D5 /* JoystickViewController.m */; };
		B34BBD4318E5C1B500D8F2D5 /* ControlView.m in Sources */ = {isa = PBXBuildFile; fileRef = B34BBD4218E5C1B500D8F2D5 /* ControlView.m */; };
		B34BBD4618E7304800D8F2D5 /* BorderButton.m in Sources */ = {isa = PBXBuildFile; fileRef = B34BBD4518E7304800D8F2D5 /* BorderButton.m */; };
		B3584B2918F83033006012E7 /* IOViewController.m in Sources */ = {isa = PBXBuildFile; fileRef = B3584B2818F83033006012E7 /* IOViewController.m */; };
		B35B632419380E0900339A04 /* DS 29.png in Resources */ = {isa = PBXBuildFile; fileRef = B35B631A19380E0900339A04 /* DS 29.png */; };
		B35B632519380E0900339A04 /* DS 40.png in Resources */ = {isa = PBXBuildFile; fileRef = B35B631B19380E0900339A04 /* DS 40.png */; };
		B35B632619380E0900339A04 /* DS 58.png in Resources */ = {isa = PBXBuildFile; fileRef = B35B631C19380E0900339A04 /* DS 58.png */; };
		B35B632719380E0900339A04 /* DS 76.png in Resources */ = {isa = PBXBuildFile; fileRef = B35B631D19380E0900339A04 /* DS 76.png */; };
		B35B632819380E0900339A04 /* DS 80.png in Resources */ = {isa = PBXBuildFile; fileRef = B35B631E19380E0900339A04 /* DS 80.png */; };
		B35B632919380E0900339A04 /* DS 120.png in Resources */ = {isa = PBXBuildFile; fileRef = B35B631F19380E0900339A04 /* DS 120.png */; };
		B35B632A19380E0900339A04 /* DS 152.png in Resources */ = {isa = PBXBuildFile; fileRef = B35B632019380E0900339A04 /* DS 152.png */; };
		B35B632B19380E0900339A04 /* DS 960.png in Resources */ = {isa = PBXBuildFile; fileRef = B35B632119380E0900339A04 /* DS 960.png */; };
		B35B632C19380E0900339A04 /* DS 1024.png in Resources */ = {isa = PBXBuildFile; fileRef = B35B632219380E0900339A04 /* DS 1024.png */; };
		B35B632D19380E0900339A04 /* DS 1136.png in Resources */ = {isa = PBXBuildFile; fileRef = B35B632319380E0900339A04 /* DS 1136.png */; };
		B39AB19919338C04004B0700 /* jquery-2.1.1.min.js in Resources */ = {isa = PBXBuildFile; fileRef = B39FC2CF192BBD13008EDE98 /* jquery-2.1.1.min.js */; };
		B39F00E318FEDD2B008706F4 /* CoreBluetooth.framework in Frameworks */ = {isa = PBXBuildFile; fileRef = B39F00E218FEDD2B008706F4 /* CoreBluetooth.framework */; };
		B39FC2CE192BB6A7008EDE98 /* mjpeg_viewer.html in Resources */ = {isa = PBXBuildFile; fileRef = B39FC2CD192BB6A7008EDE98 /* mjpeg_viewer.html */; };
		B39FC2D0192BBD13008EDE98 /* jquery-2.1.1.min.js in Sources */ = {isa = PBXBuildFile; fileRef = B39FC2CF192BBD13008EDE98 /* jquery-2.1.1.min.js */; };
		B3A159BA18AD8CD00099D64A /* Foundation.framework in Frameworks */ = {isa = PBXBuildFile; fileRef = B3A159B918AD8CD00099D64A /* Foundation.framework */; };
		B3A159BC18AD8CD00099D64A /* CoreGraphics.framework in Frameworks */ = {isa = PBXBuildFile; fileRef = B3A159BB18AD8CD00099D64A /* CoreGraphics.framework */; };
		B3A159BE18AD8CD00099D64A /* UIKit.framework in Frameworks */ = {isa = PBXBuildFile; fileRef = B3A159BD18AD8CD00099D64A /* UIKit.framework */; };
		B3A159C418AD8CD00099D64A /* InfoPlist.strings in Resources */ = {isa = PBXBuildFile; fileRef = B3A159C218AD8CD00099D64A /* InfoPlist.strings */; };
		B3A159C618AD8CD00099D64A /* main.m in Sources */ = {isa = PBXBuildFile; fileRef = B3A159C518AD8CD00099D64A /* main.m */; };
		B3A159CA18AD8CD00099D64A /* AppDelegate.m in Sources */ = {isa = PBXBuildFile; fileRef = B3A159C918AD8CD00099D64A /* AppDelegate.m */; };
		B3A159CD18AD8CD00099D64A /* Main.storyboard in Resources */ = {isa = PBXBuildFile; fileRef = B3A159CB18AD8CD00099D64A /* Main.storyboard */; };
		B3A159D218AD8CD00099D64A /* Images.xcassets in Resources */ = {isa = PBXBuildFile; fileRef = B3A159D118AD8CD00099D64A /* Images.xcassets */; };
		B3A159D918AD8CD00099D64A /* XCTest.framework in Frameworks */ = {isa = PBXBuildFile; fileRef = B3A159D818AD8CD00099D64A /* XCTest.framework */; };
		B3A159DA18AD8CD00099D64A /* Foundation.framework in Frameworks */ = {isa = PBXBuildFile; fileRef = B3A159B918AD8CD00099D64A /* Foundation.framework */; };
		B3A159DB18AD8CD00099D64A /* UIKit.framework in Frameworks */ = {isa = PBXBuildFile; fileRef = B3A159BD18AD8CD00099D64A /* UIKit.framework */; };
		B3A159E318AD8CD00099D64A /* InfoPlist.strings in Resources */ = {isa = PBXBuildFile; fileRef = B3A159E118AD8CD00099D64A /* InfoPlist.strings */; };
		B3A159E518AD8CD00099D64A /* Driver_StationTests.m in Sources */ = {isa = PBXBuildFile; fileRef = B3A159E418AD8CD00099D64A /* Driver_StationTests.m */; };
		B3A378DE18FF82BF00AE438E /* UI Sidewalk 640x480.jpg in Resources */ = {isa = PBXBuildFile; fileRef = B3A378DD18FF82BF00AE438E /* UI Sidewalk 640x480.jpg */; };
		B3E1B3F21926AAAF002380F9 /* LogsViewController.m in Sources */ = {isa = PBXBuildFile; fileRef = B3E1B3F11926AAAF002380F9 /* LogsViewController.m */; };
		B3E1B3F41926ABFE002380F9 /* menu-32.png in Resources */ = {isa = PBXBuildFile; fileRef = B3E1B3F31926ABFE002380F9 /* menu-32.png */; };
		B3FE10A719D351EC005AB2CB /* BluetoothController.m in Sources */ = {isa = PBXBuildFile; fileRef = B3FE10A619D351EC005AB2CB /* BluetoothController.m */; };
		B3FE10A919D35425005AB2CB /* GameKit.framework in Frameworks */ = {isa = PBXBuildFile; fileRef = B3FE10A819D35425005AB2CB /* GameKit.framework */; };
/* End PBXBuildFile section */

/* Begin PBXContainerItemProxy section */
		B3A159DC18AD8CD00099D64A /* PBXContainerItemProxy */ = {
			isa = PBXContainerItemProxy;
			containerPortal = B3A159AE18AD8CD00099D64A /* Project object */;
			proxyType = 1;
			remoteGlobalIDString = B3A159B518AD8CD00099D64A;
			remoteInfo = "Driver Station";
		};
/* End PBXContainerItemProxy section */

/* Begin PBXFileReference section */
		B307054C18E25AE50013C72F /* PacketDef.h */ = {isa = PBXFileReference; lastKnownFileType = sourcecode.c.h; path = PacketDef.h; sourceTree = "<group>"; };
		B307054D18E25B930013C72F /* Utilities.h */ = {isa = PBXFileReference; fileEncoding = 4; lastKnownFileType = sourcecode.c.h; path = Utilities.h; sourceTree = "<group>"; };
		B307054E18E25B930013C72F /* Utilities.m */ = {isa = PBXFileReference; fileEncoding = 4; lastKnownFileType = sourcecode.c.objc; path = Utilities.m; sourceTree = "<group>"; };
		B307055018E319CE0013C72F /* MainViewController.h */ = {isa = PBXFileReference; fileEncoding = 4; lastKnownFileType = sourcecode.c.h; path = MainViewController.h; sourceTree = "<group>"; };
		B307055118E319CE0013C72F /* MainViewController.m */ = {isa = PBXFileReference; fileEncoding = 4; lastKnownFileType = sourcecode.c.objc; path = MainViewController.m; sourceTree = "<group>"; };
		B307055318E31AE50013C72F /* StatusViewController.h */ = {isa = PBXFileReference; fileEncoding = 4; lastKnownFileType = sourcecode.c.h; path = StatusViewController.h; sourceTree = "<group>"; };
		B307055418E31AE50013C72F /* StatusViewController.m */ = {isa = PBXFileReference; fileEncoding = 4; lastKnownFileType = sourcecode.c.objc; path = StatusViewController.m; sourceTree = "<group>"; };
		B307055618E3362B0013C72F /* CRCVerifier.h */ = {isa = PBXFileReference; fileEncoding = 4; lastKnownFileType = sourcecode.c.h; path = CRCVerifier.h; sourceTree = "<group>"; };
		B307055718E3362B0013C72F /* CRCVerifier.m */ = {isa = PBXFileReference; fileEncoding = 4; lastKnownFileType = sourcecode.c.objc; path = CRCVerifier.m; sourceTree = "<group>"; };
		B307055918E3372C0013C72F /* ControlTableViewCell.h */ = {isa = PBXFileReference; fileEncoding = 4; lastKnownFileType = sourcecode.c.h; path = ControlTableViewCell.h; sourceTree = "<group>"; };
		B307055A18E3372C0013C72F /* ControlTableViewCell.m */ = {isa = PBXFileReference; fileEncoding = 4; lastKnownFileType = sourcecode.c.objc; path = ControlTableViewCell.m; sourceTree = "<group>"; };
		B33F078E190EC5080003043F /* Main-iPad.storyboard */ = {isa = PBXFileReference; fileEncoding = 4; lastKnownFileType = file.storyboard; path = "Main-iPad.storyboard"; sourceTree = "<group>"; };
		B33F0790190EE7EF0003043F /* iMainViewController.h */ = {isa = PBXFileReference; fileEncoding = 4; lastKnownFileType = sourcecode.c.h; path = iMainViewController.h; sourceTree = "<group>"; };
		B33F0791190EE7EF0003043F /* iMainViewController.m */ = {isa = PBXFileReference; fileEncoding = 4; lastKnownFileType = sourcecode.c.objc; path = iMainViewController.m; sourceTree = "<group>"; };
		B33F0799190FD8C60003043F /* iMainDetailViewController.h */ = {isa = PBXFileReference; fileEncoding = 4; lastKnownFileType = sourcecode.c.h; path = iMainDetailViewController.h; sourceTree = "<group>"; };
		B33F079A190FD8C60003043F /* iMainDetailViewController.m */ = {isa = PBXFileReference; fileEncoding = 4; lastKnownFileType = sourcecode.c.objc; path = iMainDetailViewController.m; sourceTree = "<group>"; };
		B33F079D190FFF460003043F /* iStatusViewController.h */ = {isa = PBXFileReference; fileEncoding = 4; lastKnownFileType = sourcecode.c.h; path = iStatusViewController.h; sourceTree = "<group>"; };
		B33F079E190FFF460003043F /* iStatusViewController.m */ = {isa = PBXFileReference; fileEncoding = 4; lastKnownFileType = sourcecode.c.objc; path = iStatusViewController.m; sourceTree = "<group>"; };
		B33F07A419116D940003043F /* S_Needle.png */ = {isa = PBXFileReference; lastKnownFileType = image.png; path = S_Needle.png; sourceTree = "<group>"; };
		B33F07A61912B2010003043F /* S_Background.png */ = {isa = PBXFileReference; lastKnownFileType = image.png; path = S_Background.png; sourceTree = "<group>"; };
		B3483E9E1900A87200C5A29F /* info-32.png */ = {isa = PBXFileReference; lastKnownFileType = image.png; path = "info-32.png"; sourceTree = "<group>"; };
		B3483EA01900A88500C5A29F /* joystick-32.png */ = {isa = PBXFileReference; lastKnownFileType = image.png; path = "joystick-32.png"; sourceTree = "<group>"; };
		B3483EA21900A88E00C5A29F /* switch-32.png */ = {isa = PBXFileReference; lastKnownFileType = image.png; path = "switch-32.png"; sourceTree = "<group>"; };
		B34BBD3E18E5BB4200D8F2D5 /* JoystickViewController.h */ = {isa = PBXFileReference; fileEncoding = 4; lastKnownFileType = sourcecode.c.h; path = JoystickViewController.h; sourceTree = "<group>"; };
		B34BBD3F18E5BB4200D8F2D5 /* JoystickViewController.m */ = {isa = PBXFileReference; fileEncoding = 4; lastKnownFileType = sourcecode.c.objc; path = JoystickViewController.m; sourceTree = "<group>"; };
		B34BBD4118E5C1B500D8F2D5 /* ControlView.h */ = {isa = PBXFileReference; fileEncoding = 4; lastKnownFileType = sourcecode.c.h; path = ControlView.h; sourceTree = "<group>"; };
		B34BBD4218E5C1B500D8F2D5 /* ControlView.m */ = {isa = PBXFileReference; fileEncoding = 4; lastKnownFileType = sourcecode.c.objc; path = ControlView.m; sourceTree = "<group>"; };
		B34BBD4418E7304800D8F2D5 /* BorderButton.h */ = {isa = PBXFileReference; fileEncoding = 4; lastKnownFileType = sourcecode.c.h; path = BorderButton.h; sourceTree = "<group>"; };
		B34BBD4518E7304800D8F2D5 /* BorderButton.m */ = {isa = PBXFileReference; fileEncoding = 4; lastKnownFileType = sourcecode.c.objc; path = BorderButton.m; sourceTree = "<group>"; };
		B3584B2718F83033006012E7 /* IOViewController.h */ = {isa = PBXFileReference; fileEncoding = 4; lastKnownFileType = sourcecode.c.h; path = IOViewController.h; sourceTree = "<group>"; };
		B3584B2818F83033006012E7 /* IOViewController.m */ = {isa = PBXFileReference; fileEncoding = 4; lastKnownFileType = sourcecode.c.objc; path = IOViewController.m; sourceTree = "<group>"; };
		B35B631A19380E0900339A04 /* DS 29.png */ = {isa = PBXFileReference; lastKnownFileType = image.png; path = "DS 29.png"; sourceTree = "<group>"; };
		B35B631B19380E0900339A04 /* DS 40.png */ = {isa = PBXFileReference; lastKnownFileType = image.png; path = "DS 40.png"; sourceTree = "<group>"; };
		B35B631C19380E0900339A04 /* DS 58.png */ = {isa = PBXFileReference; lastKnownFileType = image.png; path = "DS 58.png"; sourceTree = "<group>"; };
		B35B631D19380E0900339A04 /* DS 76.png */ = {isa = PBXFileReference; lastKnownFileType = image.png; path = "DS 76.png"; sourceTree = "<group>"; };
		B35B631E19380E0900339A04 /* DS 80.png */ = {isa = PBXFileReference; lastKnownFileType = image.png; path = "DS 80.png"; sourceTree = "<group>"; };
		B35B631F19380E0900339A04 /* DS 120.png */ = {isa = PBXFileReference; lastKnownFileType = image.png; path = "DS 120.png"; sourceTree = "<group>"; };
		B35B632019380E0900339A04 /* DS 152.png */ = {isa = PBXFileReference; lastKnownFileType = image.png; path = "DS 152.png"; sourceTree = "<group>"; };
		B35B632119380E0900339A04 /* DS 960.png */ = {isa = PBXFileReference; lastKnownFileType = image.png; path = "DS 960.png"; sourceTree = "<group>"; };
		B35B632219380E0900339A04 /* DS 1024.png */ = {isa = PBXFileReference; lastKnownFileType = image.png; path = "DS 1024.png"; sourceTree = "<group>"; };
		B35B632319380E0900339A04 /* DS 1136.png */ = {isa = PBXFileReference; lastKnownFileType = image.png; path = "DS 1136.png"; sourceTree = "<group>"; };
		B39F00E218FEDD2B008706F4 /* CoreBluetooth.framework */ = {isa = PBXFileReference; lastKnownFileType = wrapper.framework; name = CoreBluetooth.framework; path = System/Library/Frameworks/CoreBluetooth.framework; sourceTree = SDKROOT; };
		B39F00E418FEDFE6008706F4 /* TransferService.h */ = {isa = PBXFileReference; lastKnownFileType = sourcecode.c.h; path = TransferService.h; sourceTree = "<group>"; };
		B39FC2CD192BB6A7008EDE98 /* mjpeg_viewer.html */ = {isa = PBXFileReference; fileEncoding = 4; lastKnownFileType = text.html; path = mjpeg_viewer.html; sourceTree = "<group>"; };
		B39FC2CF192BBD13008EDE98 /* jquery-2.1.1.min.js */ = {isa = PBXFileReference; fileEncoding = 4; lastKnownFileType = sourcecode.javascript; path = "jquery-2.1.1.min.js"; sourceTree = "<group>"; };
		B3A159B618AD8CD00099D64A /* Driver Station.app */ = {isa = PBXFileReference; explicitFileType = wrapper.application; includeInIndex = 0; path = "Driver Station.app"; sourceTree = BUILT_PRODUCTS_DIR; };
		B3A159B918AD8CD00099D64A /* Foundation.framework */ = {isa = PBXFileReference; lastKnownFileType = wrapper.framework; name = Foundation.framework; path = System/Library/Frameworks/Foundation.framework; sourceTree = SDKROOT; };
		B3A159BB18AD8CD00099D64A /* CoreGraphics.framework */ = {isa = PBXFileReference; lastKnownFileType = wrapper.framework; name = CoreGraphics.framework; path = System/Library/Frameworks/CoreGraphics.framework; sourceTree = SDKROOT; };
		B3A159BD18AD8CD00099D64A /* UIKit.framework */ = {isa = PBXFileReference; lastKnownFileType = wrapper.framework; name = UIKit.framework; path = System/Library/Frameworks/UIKit.framework; sourceTree = SDKROOT; };
		B3A159C118AD8CD00099D64A /* Driver Station-Info.plist */ = {isa = PBXFileReference; lastKnownFileType = text.plist.xml; path = "Driver Station-Info.plist"; sourceTree = "<group>"; };
		B3A159C318AD8CD00099D64A /* en */ = {isa = PBXFileReference; lastKnownFileType = text.plist.strings; name = en; path = en.lproj/InfoPlist.strings; sourceTree = "<group>"; };
		B3A159C518AD8CD00099D64A /* main.m */ = {isa = PBXFileReference; lastKnownFileType = sourcecode.c.objc; path = main.m; sourceTree = "<group>"; };
		B3A159C718AD8CD00099D64A /* Driver Station-Prefix.pch */ = {isa = PBXFileReference; lastKnownFileType = sourcecode.c.h; path = "Driver Station-Prefix.pch"; sourceTree = "<group>"; };
		B3A159C818AD8CD00099D64A /* AppDelegate.h */ = {isa = PBXFileReference; lastKnownFileType = sourcecode.c.h; path = AppDelegate.h; sourceTree = "<group>"; };
		B3A159C918AD8CD00099D64A /* AppDelegate.m */ = {isa = PBXFileReference; lastKnownFileType = sourcecode.c.objc; path = AppDelegate.m; sourceTree = "<group>"; };
		B3A159CC18AD8CD00099D64A /* Base */ = {isa = PBXFileReference; lastKnownFileType = file.storyboard; name = Base; path = Base.lproj/Main.storyboard; sourceTree = "<group>"; };
		B3A159D118AD8CD00099D64A /* Images.xcassets */ = {isa = PBXFileReference; lastKnownFileType = folder.assetcatalog; path = Images.xcassets; sourceTree = "<group>"; };
		B3A159D718AD8CD00099D64A /* Driver StationTests.xctest */ = {isa = PBXFileReference; explicitFileType = wrapper.cfbundle; includeInIndex = 0; path = "Driver StationTests.xctest"; sourceTree = BUILT_PRODUCTS_DIR; };
		B3A159D818AD8CD00099D64A /* XCTest.framework */ = {isa = PBXFileReference; lastKnownFileType = wrapper.framework; name = XCTest.framework; path = Library/Frameworks/XCTest.framework; sourceTree = DEVELOPER_DIR; };
		B3A159E018AD8CD00099D64A /* Driver StationTests-Info.plist */ = {isa = PBXFileReference; lastKnownFileType = text.plist.xml; path = "Driver StationTests-Info.plist"; sourceTree = "<group>"; };
		B3A159E218AD8CD00099D64A /* en */ = {isa = PBXFileReference; lastKnownFileType = text.plist.strings; name = en; path = en.lproj/InfoPlist.strings; sourceTree = "<group>"; };
		B3A159E418AD8CD00099D64A /* Driver_StationTests.m */ = {isa = PBXFileReference; lastKnownFileType = sourcecode.c.objc; path = Driver_StationTests.m; sourceTree = "<group>"; };
		B3A378DD18FF82BF00AE438E /* UI Sidewalk 640x480.jpg */ = {isa = PBXFileReference; lastKnownFileType = image.jpeg; path = "UI Sidewalk 640x480.jpg"; sourceTree = "<group>"; };
		B3E1B3F01926AAAF002380F9 /* LogsViewController.h */ = {isa = PBXFileReference; fileEncoding = 4; lastKnownFileType = sourcecode.c.h; path = LogsViewController.h; sourceTree = "<group>"; };
		B3E1B3F11926AAAF002380F9 /* LogsViewController.m */ = {isa = PBXFileReference; fileEncoding = 4; lastKnownFileType = sourcecode.c.objc; path = LogsViewController.m; sourceTree = "<group>"; };
		B3E1B3F31926ABFE002380F9 /* menu-32.png */ = {isa = PBXFileReference; lastKnownFileType = image.png; path = "menu-32.png"; sourceTree = "<group>"; };
		B3FE10A519D351EC005AB2CB /* BluetoothController.h */ = {isa = PBXFileReference; fileEncoding = 4; lastKnownFileType = sourcecode.c.h; path = BluetoothController.h; sourceTree = "<group>"; };
		B3FE10A619D351EC005AB2CB /* BluetoothController.m */ = {isa = PBXFileReference; fileEncoding = 4; lastKnownFileType = sourcecode.c.objc; path = BluetoothController.m; sourceTree = "<group>"; };
		B3FE10A819D35425005AB2CB /* GameKit.framework */ = {isa = PBXFileReference; lastKnownFileType = wrapper.framework; name = GameKit.framework; path = System/Library/Frameworks/GameKit.framework; sourceTree = SDKROOT; };
/* End PBXFileReference section */

/* Begin PBXFrameworksBuildPhase section */
		B3A159B318AD8CD00099D64A /* Frameworks */ = {
			isa = PBXFrameworksBuildPhase;
			buildActionMask = 2147483647;
			files = (
				B3FE10A919D35425005AB2CB /* GameKit.framework in Frameworks */,
				B39F00E318FEDD2B008706F4 /* CoreBluetooth.framework in Frameworks */,
				B3A159BC18AD8CD00099D64A /* CoreGraphics.framework in Frameworks */,
				B3A159BE18AD8CD00099D64A /* UIKit.framework in Frameworks */,
				B3A159BA18AD8CD00099D64A /* Foundation.framework in Frameworks */,
			);
			runOnlyForDeploymentPostprocessing = 0;
		};
		B3A159D418AD8CD00099D64A /* Frameworks */ = {
			isa = PBXFrameworksBuildPhase;
			buildActionMask = 2147483647;
			files = (
				B3A159D918AD8CD00099D64A /* XCTest.framework in Frameworks */,
				B3A159DB18AD8CD00099D64A /* UIKit.framework in Frameworks */,
				B3A159DA18AD8CD00099D64A /* Foundation.framework in Frameworks */,
			);
			runOnlyForDeploymentPostprocessing = 0;
		};
/* End PBXFrameworksBuildPhase section */

/* Begin PBXGroup section */
		B33F0793190EE7FB0003043F /* iPhone */ = {
			isa = PBXGroup;
			children = (
				B3E1B3EF1926AA9B002380F9 /* Logs */,
				B33F0797190EE8950003043F /* IO */,
				B33F0796190EE8880003043F /* Status */,
				B33F0795190EE8780003043F /* Joysticks */,
				B33F0794190EE8680003043F /* Main */,
			);
			name = iPhone;
			sourceTree = "<group>";
		};
		B33F0794190EE8680003043F /* Main */ = {
			isa = PBXGroup;
			children = (
				B307055018E319CE0013C72F /* MainViewController.h */,
				B307055118E319CE0013C72F /* MainViewController.m */,
			);
			name = Main;
			sourceTree = "<group>";
		};
		B33F0795190EE8780003043F /* Joysticks */ = {
			isa = PBXGroup;
			children = (
				B34BBD3E18E5BB4200D8F2D5 /* JoystickViewController.h */,
				B34BBD3F18E5BB4200D8F2D5 /* JoystickViewController.m */,
			);
			name = Joysticks;
			sourceTree = "<group>";
		};
		B33F0796190EE8880003043F /* Status */ = {
			isa = PBXGroup;
			children = (
				B307055318E31AE50013C72F /* StatusViewController.h */,
				B307055418E31AE50013C72F /* StatusViewController.m */,
			);
			name = Status;
			sourceTree = "<group>";
		};
		B33F0797190EE8950003043F /* IO */ = {
			isa = PBXGroup;
			children = (
				B3584B2718F83033006012E7 /* IOViewController.h */,
				B3584B2818F83033006012E7 /* IOViewController.m */,
			);
			name = IO;
			sourceTree = "<group>";
		};
		B33F0798190EE8A10003043F /* iPad */ = {
			isa = PBXGroup;
			children = (
				B33F07A0190FFF4D0003043F /* Status */,
				B34458ED191873EE003816C9 /* Control */,
				B33F079C190FFF160003043F /* Main */,
			);
			name = iPad;
			sourceTree = "<group>";
		};
		B33F079C190FFF160003043F /* Main */ = {
			isa = PBXGroup;
			children = (
				B33F0790190EE7EF0003043F /* iMainViewController.h */,
				B33F0791190EE7EF0003043F /* iMainViewController.m */,
			);
			name = Main;
			sourceTree = "<group>";
		};
		B33F07A0190FFF4D0003043F /* Status */ = {
			isa = PBXGroup;
			children = (
				B33F079D190FFF460003043F /* iStatusViewController.h */,
				B33F079E190FFF460003043F /* iStatusViewController.m */,
			);
			name = Status;
			sourceTree = "<group>";
		};
		B34458ED191873EE003816C9 /* Control */ = {
			isa = PBXGroup;
			children = (
				B33F0799190FD8C60003043F /* iMainDetailViewController.h */,
				B33F079A190FD8C60003043F /* iMainDetailViewController.m */,
			);
			name = Control;
			sourceTree = "<group>";
		};
		B3483E971900A82700C5A29F /* Images */ = {
			isa = PBXGroup;
			children = (
				B35B631A19380E0900339A04 /* DS 29.png */,
				B35B631B19380E0900339A04 /* DS 40.png */,
				B35B631C19380E0900339A04 /* DS 58.png */,
				B35B631D19380E0900339A04 /* DS 76.png */,
				B35B631E19380E0900339A04 /* DS 80.png */,
				B35B631F19380E0900339A04 /* DS 120.png */,
				B35B632019380E0900339A04 /* DS 152.png */,
				B35B632119380E0900339A04 /* DS 960.png */,
				B35B632219380E0900339A04 /* DS 1024.png */,
				B35B632319380E0900339A04 /* DS 1136.png */,
				B39FC2CF192BBD13008EDE98 /* jquery-2.1.1.min.js */,
				B39FC2CD192BB6A7008EDE98 /* mjpeg_viewer.html */,
				B33F07A61912B2010003043F /* S_Background.png */,
				B33F07A419116D940003043F /* S_Needle.png */,
				B3A378DD18FF82BF00AE438E /* UI Sidewalk 640x480.jpg */,
				B3483E9E1900A87200C5A29F /* info-32.png */,
				B3483EA01900A88500C5A29F /* joystick-32.png */,
				B3483EA21900A88E00C5A29F /* switch-32.png */,
				B3E1B3F31926ABFE002380F9 /* menu-32.png */,
			);
			name = Images;
			sourceTree = "<group>";
		};
		B3962CE41922642600F3EB4C /* Utilities */ = {
			isa = PBXGroup;
			children = (
				B307054D18E25B930013C72F /* Utilities.h */,
				B307054E18E25B930013C72F /* Utilities.m */,
				B307054C18E25AE50013C72F /* PacketDef.h */,
				B307055618E3362B0013C72F /* CRCVerifier.h */,
				B307055718E3362B0013C72F /* CRCVerifier.m */,
				B39F00E418FEDFE6008706F4 /* TransferService.h */,
			);
			name = Utilities;
			sourceTree = "<group>";
		};
		B3962CE51922646500F3EB4C /* Universal */ = {
			isa = PBXGroup;
			children = (
				B34BBD4118E5C1B500D8F2D5 /* ControlView.h */,
				B34BBD4218E5C1B500D8F2D5 /* ControlView.m */,
				B34BBD4418E7304800D8F2D5 /* BorderButton.h */,
				B34BBD4518E7304800D8F2D5 /* BorderButton.m */,
				B307055918E3372C0013C72F /* ControlTableViewCell.h */,
				B307055A18E3372C0013C72F /* ControlTableViewCell.m */,
				B3FE10A519D351EC005AB2CB /* BluetoothController.h */,
				B3FE10A619D351EC005AB2CB /* BluetoothController.m */,
			);
			name = Universal;
			sourceTree = "<group>";
		};
		B3A159AD18AD8CD00099D64A = {
			isa = PBXGroup;
			children = (
				B3A159BF18AD8CD00099D64A /* Driver Station */,
				B3A159DE18AD8CD00099D64A /* Driver StationTests */,
				B3A159B818AD8CD00099D64A /* Frameworks */,
				B3A159B718AD8CD00099D64A /* Products */,
			);
			sourceTree = "<group>";
		};
		B3A159B718AD8CD00099D64A /* Products */ = {
			isa = PBXGroup;
			children = (
				B3A159B618AD8CD00099D64A /* Driver Station.app */,
				B3A159D718AD8CD00099D64A /* Driver StationTests.xctest */,
			);
			name = Products;
			sourceTree = "<group>";
		};
		B3A159B818AD8CD00099D64A /* Frameworks */ = {
			isa = PBXGroup;
			children = (
				B3FE10A819D35425005AB2CB /* GameKit.framework */,
				B39F00E218FEDD2B008706F4 /* CoreBluetooth.framework */,
				B3A159B918AD8CD00099D64A /* Foundation.framework */,
				B3A159BB18AD8CD00099D64A /* CoreGraphics.framework */,
				B3A159BD18AD8CD00099D64A /* UIKit.framework */,
				B3A159D818AD8CD00099D64A /* XCTest.framework */,
			);
			name = Frameworks;
			sourceTree = "<group>";
		};
		B3A159BF18AD8CD00099D64A /* Driver Station */ = {
			isa = PBXGroup;
			children = (
				B3483E971900A82700C5A29F /* Images */,
				B33F0793190EE7FB0003043F /* iPhone */,
				B33F0798190EE8A10003043F /* iPad */,
				B3962CE51922646500F3EB4C /* Universal */,
				B3962CE41922642600F3EB4C /* Utilities */,
				B3A159C818AD8CD00099D64A /* AppDelegate.h */,
				B3A159C918AD8CD00099D64A /* AppDelegate.m */,
				B3A159CB18AD8CD00099D64A /* Main.storyboard */,
				B33F078E190EC5080003043F /* Main-iPad.storyboard */,
				B3A159D118AD8CD00099D64A /* Images.xcassets */,
				B3A159C018AD8CD00099D64A /* Supporting Files */,
			);
			path = "Driver Station";
			sourceTree = "<group>";
		};
		B3A159C018AD8CD00099D64A /* Supporting Files */ = {
			isa = PBXGroup;
			children = (
				B3A159C118AD8CD00099D64A /* Driver Station-Info.plist */,
				B3A159C218AD8CD00099D64A /* InfoPlist.strings */,
				B3A159C518AD8CD00099D64A /* main.m */,
				B3A159C718AD8CD00099D64A /* Driver Station-Prefix.pch */,
			);
			name = "Supporting Files";
			sourceTree = "<group>";
		};
		B3A159DE18AD8CD00099D64A /* Driver StationTests */ = {
			isa = PBXGroup;
			children = (
				B3A159E418AD8CD00099D64A /* Driver_StationTests.m */,
				B3A159DF18AD8CD00099D64A /* Supporting Files */,
			);
			path = "Driver StationTests";
			sourceTree = "<group>";
		};
		B3A159DF18AD8CD00099D64A /* Supporting Files */ = {
			isa = PBXGroup;
			children = (
				B3A159E018AD8CD00099D64A /* Driver StationTests-Info.plist */,
				B3A159E118AD8CD00099D64A /* InfoPlist.strings */,
			);
			name = "Supporting Files";
			sourceTree = "<group>";
		};
		B3E1B3EF1926AA9B002380F9 /* Logs */ = {
			isa = PBXGroup;
			children = (
				B3E1B3F01926AAAF002380F9 /* LogsViewController.h */,
				B3E1B3F11926AAAF002380F9 /* LogsViewController.m */,
			);
			name = Logs;
			sourceTree = "<group>";
		};
/* End PBXGroup section */

/* Begin PBXNativeTarget section */
		B3A159B518AD8CD00099D64A /* Driver Station */ = {
			isa = PBXNativeTarget;
			buildConfigurationList = B3A159E818AD8CD00099D64A /* Build configuration list for PBXNativeTarget "Driver Station" */;
			buildPhases = (
				B3A159B218AD8CD00099D64A /* Sources */,
				B3A159B318AD8CD00099D64A /* Frameworks */,
				B3A159B418AD8CD00099D64A /* Resources */,
			);
			buildRules = (
			);
			dependencies = (
			);
			name = "Driver Station";
			productName = "Driver Station";
			productReference = B3A159B618AD8CD00099D64A /* Driver Station.app */;
			productType = "com.apple.product-type.application";
		};
		B3A159D618AD8CD00099D64A /* Driver StationTests */ = {
			isa = PBXNativeTarget;
			buildConfigurationList = B3A159EB18AD8CD00099D64A /* Build configuration list for PBXNativeTarget "Driver StationTests" */;
			buildPhases = (
				B3A159D318AD8CD00099D64A /* Sources */,
				B3A159D418AD8CD00099D64A /* Frameworks */,
				B3A159D518AD8CD00099D64A /* Resources */,
			);
			buildRules = (
			);
			dependencies = (
				B3A159DD18AD8CD00099D64A /* PBXTargetDependency */,
			);
			name = "Driver StationTests";
			productName = "Driver StationTests";
			productReference = B3A159D718AD8CD00099D64A /* Driver StationTests.xctest */;
			productType = "com.apple.product-type.bundle.unit-test";
		};
/* End PBXNativeTarget section */

/* Begin PBXProject section */
		B3A159AE18AD8CD00099D64A /* Project object */ = {
			isa = PBXProject;
			attributes = {
				LastUpgradeCheck = 0510;
				ORGANIZATIONNAME = "Connor Christie";
				TargetAttributes = {
					B3A159B518AD8CD00099D64A = {
						DevelopmentTeam = MB848KS9KT;
					};
					B3A159D618AD8CD00099D64A = {
						TestTargetID = B3A159B518AD8CD00099D64A;
					};
				};
			};
			buildConfigurationList = B3A159B118AD8CD00099D64A /* Build configuration list for PBXProject "Driver Station" */;
			compatibilityVersion = "Xcode 3.2";
			developmentRegion = English;
			hasScannedForEncodings = 0;
			knownRegions = (
				en,
				Base,
			);
			mainGroup = B3A159AD18AD8CD00099D64A;
			productRefGroup = B3A159B718AD8CD00099D64A /* Products */;
			projectDirPath = "";
			projectRoot = "";
			targets = (
				B3A159B518AD8CD00099D64A /* Driver Station */,
				B3A159D618AD8CD00099D64A /* Driver StationTests */,
			);
		};
/* End PBXProject section */

/* Begin PBXResourcesBuildPhase section */
		B3A159B418AD8CD00099D64A /* Resources */ = {
			isa = PBXResourcesBuildPhase;
			buildActionMask = 2147483647;
			files = (
				B35B632C19380E0900339A04 /* DS 1024.png in Resources */,
				B35B632B19380E0900339A04 /* DS 960.png in Resources */,
				B35B632619380E0900339A04 /* DS 58.png in Resources */,
				B39AB19919338C04004B0700 /* jquery-2.1.1.min.js in Resources */,
				B33F07A519116D940003043F /* S_Needle.png in Resources */,
				B35B632819380E0900339A04 /* DS 80.png in Resources */,
				B3A159D218AD8CD00099D64A /* Images.xcassets in Resources */,
				B3E1B3F41926ABFE002380F9 /* menu-32.png in Resources */,
				B3483EA31900A88E00C5A29F /* switch-32.png in Resources */,
				B35B632919380E0900339A04 /* DS 120.png in Resources */,
				B33F078F190EC5080003043F /* Main-iPad.storyboard in Resources */,
				B3A159C418AD8CD00099D64A /* InfoPlist.strings in Resources */,
				B39FC2CE192BB6A7008EDE98 /* mjpeg_viewer.html in Resources */,
				B3483EA11900A88500C5A29F /* joystick-32.png in Resources */,
				B35B632519380E0900339A04 /* DS 40.png in Resources */,
				B3483E9F1900A87200C5A29F /* info-32.png in Resources */,
				B35B632719380E0900339A04 /* DS 76.png in Resources */,
				B33F07A71912B2010003043F /* S_Background.png in Resources */,
				B35B632A19380E0900339A04 /* DS 152.png in Resources */,
				B3A378DE18FF82BF00AE438E /* UI Sidewalk 640x480.jpg in Resources */,
				B35B632D19380E0900339A04 /* DS 1136.png in Resources */,
				B35B632419380E0900339A04 /* DS 29.png in Resources */,
				B3A159CD18AD8CD00099D64A /* Main.storyboard in Resources */,
			);
			runOnlyForDeploymentPostprocessing = 0;
		};
		B3A159D518AD8CD00099D64A /* Resources */ = {
			isa = PBXResourcesBuildPhase;
			buildActionMask = 2147483647;
			files = (
				B3A159E318AD8CD00099D64A /* InfoPlist.strings in Resources */,
			);
			runOnlyForDeploymentPostprocessing = 0;
		};
/* End PBXResourcesBuildPhase section */

/* Begin PBXSourcesBuildPhase section */
		B3A159B218AD8CD00099D64A /* Sources */ = {
			isa = PBXSourcesBuildPhase;
			buildActionMask = 2147483647;
			files = (
				B34BBD4318E5C1B500D8F2D5 /* ControlView.m in Sources */,
				B34BBD4018E5BB4200D8F2D5 /* JoystickViewController.m in Sources */,
				B307055818E3362B0013C72F /* CRCVerifier.m in Sources */,
				B3584B2918F83033006012E7 /* IOViewController.m in Sources */,
				B307054F18E25B930013C72F /* Utilities.m in Sources */,
				B3A159CA18AD8CD00099D64A /* AppDelegate.m in Sources */,
				B307055518E31AE50013C72F /* StatusViewController.m in Sources */,
				B307055218E319CE0013C72F /* MainViewController.m in Sources */,
				B34BBD4618E7304800D8F2D5 /* BorderButton.m in Sources */,
				B33F0792190EE7EF0003043F /* iMainViewController.m in Sources */,
				B33F079F190FFF460003043F /* iStatusViewController.m in Sources */,
				B3E1B3F21926AAAF002380F9 /* LogsViewController.m in Sources */,
				B33F079B190FD8C60003043F /* iMainDetailViewController.m in Sources */,
				B39FC2D0192BBD13008EDE98 /* jquery-2.1.1.min.js in Sources */,
				B3A159C618AD8CD00099D64A /* main.m in Sources */,
				B3FE10A719D351EC005AB2CB /* BluetoothController.m in Sources */,
				B307055B18E3372C0013C72F /* ControlTableViewCell.m in Sources */,
			);
			runOnlyForDeploymentPostprocessing = 0;
		};
		B3A159D318AD8CD00099D64A /* Sources */ = {
			isa = PBXSourcesBuildPhase;
			buildActionMask = 2147483647;
			files = (
				B3A159E518AD8CD00099D64A /* Driver_StationTests.m in Sources */,
			);
			runOnlyForDeploymentPostprocessing = 0;
		};
/* End PBXSourcesBuildPhase section */

/* Begin PBXTargetDependency section */
		B3A159DD18AD8CD00099D64A /* PBXTargetDependency */ = {
			isa = PBXTargetDependency;
			target = B3A159B518AD8CD00099D64A /* Driver Station */;
			targetProxy = B3A159DC18AD8CD00099D64A /* PBXContainerItemProxy */;
		};
/* End PBXTargetDependency section */

/* Begin PBXVariantGroup section */
		B3A159C218AD8CD00099D64A /* InfoPlist.strings */ = {
			isa = PBXVariantGroup;
			children = (
				B3A159C318AD8CD00099D64A /* en */,
			);
			name = InfoPlist.strings;
			sourceTree = "<group>";
		};
		B3A159CB18AD8CD00099D64A /* Main.storyboard */ = {
			isa = PBXVariantGroup;
			children = (
				B3A159CC18AD8CD00099D64A /* Base */,
			);
			name = Main.storyboard;
			sourceTree = "<group>";
		};
		B3A159E118AD8CD00099D64A /* InfoPlist.strings */ = {
			isa = PBXVariantGroup;
			children = (
				B3A159E218AD8CD00099D64A /* en */,
			);
			name = InfoPlist.strings;
			sourceTree = "<group>";
		};
/* End PBXVariantGroup section */

/* Begin XCBuildConfiguration section */
		B3A159E618AD8CD00099D64A /* Debug */ = {
			isa = XCBuildConfiguration;
			buildSettings = {
				ALWAYS_SEARCH_USER_PATHS = NO;
				CLANG_CXX_LANGUAGE_STANDARD = "gnu++0x";
				CLANG_CXX_LIBRARY = "libc++";
				CLANG_ENABLE_MODULES = YES;
				CLANG_ENABLE_OBJC_ARC = YES;
				CLANG_WARN_BOOL_CONVERSION = YES;
				CLANG_WARN_CONSTANT_CONVERSION = YES;
				CLANG_WARN_DIRECT_OBJC_ISA_USAGE = YES_ERROR;
				CLANG_WARN_EMPTY_BODY = YES;
				CLANG_WARN_ENUM_CONVERSION = YES;
				CLANG_WARN_INT_CONVERSION = YES;
				CLANG_WARN_OBJC_ROOT_CLASS = YES_ERROR;
				CLANG_WARN__DUPLICATE_METHOD_MATCH = YES;
				"CODE_SIGN_IDENTITY[sdk=iphoneos*]" = "iPhone Developer";
				COPY_PHASE_STRIP = NO;
				GCC_C_LANGUAGE_STANDARD = gnu99;
				GCC_DYNAMIC_NO_PIC = NO;
				GCC_OPTIMIZATION_LEVEL = 0;
				GCC_PREPROCESSOR_DEFINITIONS = (
					"DEBUG=1",
					"$(inherited)",
				);
				GCC_SYMBOLS_PRIVATE_EXTERN = NO;
				GCC_WARN_64_TO_32_BIT_CONVERSION = YES;
				GCC_WARN_ABOUT_RETURN_TYPE = YES_ERROR;
				GCC_WARN_UNDECLARED_SELECTOR = YES;
				GCC_WARN_UNINITIALIZED_AUTOS = YES;
				GCC_WARN_UNUSED_FUNCTION = YES;
				GCC_WARN_UNUSED_VARIABLE = YES;
				IPHONEOS_DEPLOYMENT_TARGET = 7.0;
				ONLY_ACTIVE_ARCH = YES;
				SDKROOT = iphoneos;
			};
			name = Debug;
		};
		B3A159E718AD8CD00099D64A /* Release */ = {
			isa = XCBuildConfiguration;
			buildSettings = {
				ALWAYS_SEARCH_USER_PATHS = NO;
				CLANG_CXX_LANGUAGE_STANDARD = "gnu++0x";
				CLANG_CXX_LIBRARY = "libc++";
				CLANG_ENABLE_MODULES = YES;
				CLANG_ENABLE_OBJC_ARC = YES;
				CLANG_WARN_BOOL_CONVERSION = YES;
				CLANG_WARN_CONSTANT_CONVERSION = YES;
				CLANG_WARN_DIRECT_OBJC_ISA_USAGE = YES_ERROR;
				CLANG_WARN_EMPTY_BODY = YES;
				CLANG_WARN_ENUM_CONVERSION = YES;
				CLANG_WARN_INT_CONVERSION = YES;
				CLANG_WARN_OBJC_ROOT_CLASS = YES_ERROR;
				CLANG_WARN__DUPLICATE_METHOD_MATCH = YES;
				"CODE_SIGN_IDENTITY[sdk=iphoneos*]" = "iPhone Developer";
				COPY_PHASE_STRIP = YES;
				ENABLE_NS_ASSERTIONS = NO;
				GCC_C_LANGUAGE_STANDARD = gnu99;
				GCC_WARN_64_TO_32_BIT_CONVERSION = YES;
				GCC_WARN_ABOUT_RETURN_TYPE = YES_ERROR;
				GCC_WARN_UNDECLARED_SELECTOR = YES;
				GCC_WARN_UNINITIALIZED_AUTOS = YES;
				GCC_WARN_UNUSED_FUNCTION = YES;
				GCC_WARN_UNUSED_VARIABLE = YES;
				IPHONEOS_DEPLOYMENT_TARGET = 7.0;
				SDKROOT = iphoneos;
				VALIDATE_PRODUCT = YES;
			};
			name = Release;
		};
		B3A159E918AD8CD00099D64A /* Debug */ = {
			isa = XCBuildConfiguration;
			buildSettings = {
				CODE_SIGN_IDENTITY = "iPhone Developer";
				"CODE_SIGN_IDENTITY[sdk=iphoneos*]" = "iPhone Developer";
				GCC_PRECOMPILE_PREFIX_HEADER = YES;
				GCC_PREFIX_HEADER = "Driver Station/Driver Station-Prefix.pch";
				INFOPLIST_FILE = "Driver Station/Driver Station-Info.plist";
				IPHONEOS_DEPLOYMENT_TARGET = 7.1;
				PRODUCT_NAME = "$(TARGET_NAME)";
				PROVISIONING_PROFILE = "";
				TARGETED_DEVICE_FAMILY = "1,2";
				WRAPPER_EXTENSION = app;
			};
			name = Debug;
		};
		B3A159EA18AD8CD00099D64A /* Release */ = {
			isa = XCBuildConfiguration;
			buildSettings = {
				CODE_SIGN_IDENTITY = "iPhone Developer";
				"CODE_SIGN_IDENTITY[sdk=iphoneos*]" = "iPhone Developer";
				GCC_PRECOMPILE_PREFIX_HEADER = YES;
				GCC_PREFIX_HEADER = "Driver Station/Driver Station-Prefix.pch";
				INFOPLIST_FILE = "Driver Station/Driver Station-Info.plist";
				IPHONEOS_DEPLOYMENT_TARGET = 7.1;
				PRODUCT_NAME = "$(TARGET_NAME)";
				PROVISIONING_PROFILE = "";
				TARGETED_DEVICE_FAMILY = "1,2";
				WRAPPER_EXTENSION = app;
			};
			name = Release;
		};
		B3A159EC18AD8CD00099D64A /* Debug */ = {
			isa = XCBuildConfiguration;
			buildSettings = {
				BUNDLE_LOADER = "$(BUILT_PRODUCTS_DIR)/Driver Station.app/Driver Station";
				FRAMEWORK_SEARCH_PATHS = (
					"$(SDKROOT)/Developer/Library/Frameworks",
					"$(inherited)",
					"$(DEVELOPER_FRAMEWORKS_DIR)",
				);
				GCC_PRECOMPILE_PREFIX_HEADER = YES;
				GCC_PREFIX_HEADER = "Driver Station/Driver Station-Prefix.pch";
				GCC_PREPROCESSOR_DEFINITIONS = (
					"DEBUG=1",
					"$(inherited)",
				);
				INFOPLIST_FILE = "Driver StationTests/Driver StationTests-Info.plist";
				PRODUCT_NAME = "$(TARGET_NAME)";
				TEST_HOST = "$(BUNDLE_LOADER)";
				WRAPPER_EXTENSION = xctest;
			};
			name = Debug;
		};
		B3A159ED18AD8CD00099D64A /* Release */ = {
			isa = XCBuildConfiguration;
			buildSettings = {
				BUNDLE_LOADER = "$(BUILT_PRODUCTS_DIR)/Driver Station.app/Driver Station";
				FRAMEWORK_SEARCH_PATHS = (
					"$(SDKROOT)/Developer/Library/Frameworks",
					"$(inherited)",
					"$(DEVELOPER_FRAMEWORKS_DIR)",
				);
				GCC_PRECOMPILE_PREFIX_HEADER = YES;
				GCC_PREFIX_HEADER = "Driver Station/Driver Station-Prefix.pch";
				INFOPLIST_FILE = "Driver StationTests/Driver StationTests-Info.plist";
				PRODUCT_NAME = "$(TARGET_NAME)";
				TEST_HOST = "$(BUNDLE_LOADER)";
				WRAPPER_EXTENSION = xctest;
			};
			name = Release;
		};
/* End XCBuildConfiguration section */

/* Begin XCConfigurationList section */
		B3A159B118AD8CD00099D64A /* Build configuration list for PBXProject "Driver Station" */ = {
			isa = XCConfigurationList;
			buildConfigurations = (
				B3A159E618AD8CD00099D64A /* Debug */,
				B3A159E718AD8CD00099D64A /* Release */,
			);
			defaultConfigurationIsVisible = 0;
			defaultConfigurationName = Release;
		};
		B3A159E818AD8CD00099D64A /* Build configuration list for PBXNativeTarget "Driver Station" */ = {
			isa = XCConfigurationList;
			buildConfigurations = (
				B3A159E918AD8CD00099D64A /* Debug */,
				B3A159EA18AD8CD00099D64A /* Release */,
			);
			defaultConfigurationIsVisible = 0;
			defaultConfigurationName = Release;
		};
		B3A159EB18AD8CD00099D64A /* Build configuration list for PBXNativeTarget "Driver StationTests" */ = {
			isa = XCConfigurationList;
			buildConfigurations = (
				B3A159EC18AD8CD00099D64A /* Debug */,
				B3A159ED18AD8CD00099D64A /* Release */,
			);
			defaultConfigurationIsVisible = 0;
			defaultConfigurationName = Release;
		};
/* End XCConfigurationList section */
	};
	rootObject = B3A159AE18AD8CD00099D64A /* Project object */;
}
